
Microsoft Visual Studio Solution File, Format Version 12.00
# Visual Studio Version 17
VisualStudioVersion = 17.4.33205.214
MinimumVisualStudioVersion = 10.0.40219.1
Project("{FAE04EC0-301F-11D3-BF4B-00C04F79EFBC}") = "Zkouska", "Zkouska.csproj", "{05E1B716-BB9A-4ED4-B71B-BB8A69BD76E5}"
EndProject
Global
	GlobalSection(SolutionConfigurationPlatforms) = preSolution
		Debug|Any CPU = Debug|Any CPU
		Release|Any CPU = Release|Any CPU
	EndGlobalSection
	GlobalSection(ProjectConfigurationPlatforms) = postSolution
		{05E1B716-BB9A-4ED4-B71B-BB8A69BD76E5}.Debug|Any CPU.ActiveCfg = Debug|Any CPU
		{05E1B716-BB9A-4ED4-B71B-BB8A69BD76E5}.Debug|Any CPU.Build.0 = Debug|Any CPU
		{05E1B716-BB9A-4ED4-B71B-BB8A69BD76E5}.Release|Any CPU.ActiveCfg = Release|Any CPU
		{05E1B716-BB9A-4ED4-B71B-BB8A69BD76E5}.Release|Any CPU.Build.0 = Release|Any CPU
	EndGlobalSection
	GlobalSection(SolutionProperties) = preSolution
		HideSolutionNode = FALSE
	EndGlobalSection
	GlobalSection(ExtensibilityGlobals) = postSolution
		SolutionGuid = {6D985F99-B003-4A50-AC77-B08EB7B07B3C}
	EndGlobalSection
EndGlobal
